
Microsoft Visual Studio Solution File, Format Version 12.00
# Visual Studio 2013
VisualStudioVersion = 12.0.21005.1
MinimumVisualStudioVersion = 10.0.40219.1
Project("{8BC9CEB8-8B4A-11D0-8D11-00A0C91BC942}") = "Skyflower", "Skyflower.vcxproj", "{37AF7357-6F98-4587-BA3E-CBEF4F9D14A3}"
	ProjectSection(ProjectDependencies) = postProject
		{9B38121D-8D9E-45A3-AEE4-483D762F930F} = {9B38121D-8D9E-45A3-AEE4-483D762F930F}
	EndProjectSection
EndProject
Project("{8BC9CEB8-8B4A-11D0-8D11-00A0C91BC942}") = "Graphics", "Graphics.vcxproj", "{9B38121D-8D9E-45A3-AEE4-483D762F930F}"
EndProject
Global
	GlobalSection(SolutionConfigurationPlatforms) = preSolution
		Debug|Win32 = Debug|Win32
		Debug|x64 = Debug|x64
		Release|Win32 = Release|Win32
		Release|x64 = Release|x64
	EndGlobalSection
	GlobalSection(ProjectConfigurationPlatforms) = postSolution
		{37AF7357-6F98-4587-BA3E-CBEF4F9D14A3}.Debug|Win32.ActiveCfg = Debug|Win32
		{37AF7357-6F98-4587-BA3E-CBEF4F9D14A3}.Debug|Win32.Build.0 = Debug|Win32
		{37AF7357-6F98-4587-BA3E-CBEF4F9D14A3}.Debug|x64.ActiveCfg = Debug|x64
		{37AF7357-6F98-4587-BA3E-CBEF4F9D14A3}.Debug|x64.Build.0 = Debug|x64
		{37AF7357-6F98-4587-BA3E-CBEF4F9D14A3}.Release|Win32.ActiveCfg = Release|Win32
		{37AF7357-6F98-4587-BA3E-CBEF4F9D14A3}.Release|Win32.Build.0 = Release|Win32
		{37AF7357-6F98-4587-BA3E-CBEF4F9D14A3}.Release|x64.ActiveCfg = Release|x64
		{37AF7357-6F98-4587-BA3E-CBEF4F9D14A3}.Release|x64.Build.0 = Release|x64
		{9B38121D-8D9E-45A3-AEE4-483D762F930F}.Debug|Win32.ActiveCfg = Debug|Win32
		{9B38121D-8D9E-45A3-AEE4-483D762F930F}.Debug|Win32.Build.0 = Debug|Win32
		{9B38121D-8D9E-45A3-AEE4-483D762F930F}.Debug|x64.ActiveCfg = Debug|x64
		{9B38121D-8D9E-45A3-AEE4-483D762F930F}.Debug|x64.Build.0 = Debug|x64
		{9B38121D-8D9E-45A3-AEE4-483D762F930F}.Release|Win32.ActiveCfg = Release|Win32
		{9B38121D-8D9E-45A3-AEE4-483D762F930F}.Release|Win32.Build.0 = Release|Win32
		{9B38121D-8D9E-45A3-AEE4-483D762F930F}.Release|x64.ActiveCfg = Release|x64
		{9B38121D-8D9E-45A3-AEE4-483D762F930F}.Release|x64.Build.0 = Release|x64
	EndGlobalSection
	GlobalSection(SolutionProperties) = preSolution
		HideSolutionNode = FALSE
	EndGlobalSection
EndGlobal
