<?xml version="1.0" encoding="utf-8"?>
<Project ToolsVersion="4.0" xmlns="http://schemas.microsoft.com/developer/msbuild/2003">
  <ItemGroup>
    <Filter Include="Source Files">
      <UniqueIdentifier>{4FC737F1-C7A5-4376-A066-2A32D752A2FF}</UniqueIdentifier>
      <Extensions>cpp;c;cc;cxx;def;odl;idl;hpj;bat;asm;asmx</Extensions>
    </Filter>
    <Filter Include="Header Files">
      <UniqueIdentifier>{93995380-89BD-4b04-88EB-625FBE52EBFB}</UniqueIdentifier>
      <Extensions>h;hh;hpp;hxx;hm;inl;inc;xsd</Extensions>
    </Filter>
    <Filter Include="Resource Files">
      <UniqueIdentifier>{67DA6AB6-F800-4c08-8B7A-83BB121AAD01}</UniqueIdentifier>
      <Extensions>rc;ico;cur;bmp;dlg;rc2;rct;bin;rgs;gif;jpg;jpeg;jpe;resx;tiff;tif;png;wav;mfcribbon-ms</Extensions>
    </Filter>
    <Filter Include="Header Files\Components">
      <UniqueIdentifier>{b135235b-109d-4537-bd57-46c1bc1b2c96}</UniqueIdentifier>
    </Filter>
    <Filter Include="Source Files\Components">
      <UniqueIdentifier>{233e7cc0-3ec3-449b-b594-9dba15d41686}</UniqueIdentifier>
    </Filter>
  </ItemGroup>
  <ItemGroup>
    <ClCompile Include="src\skyflower\ScriptHandler.cpp">
      <Filter>Source Files</Filter>
    </ClCompile>
    <ClCompile Include="src\skyflower\Field.cpp">
      <Filter>Source Files</Filter>
    </ClCompile>
    <ClCompile Include="src\skyflower\PotentialField.cpp">
      <Filter>Source Files</Filter>
    </ClCompile>
    <ClCompile Include="src\skyflower\Component.cpp">
      <Filter>Source Files</Filter>
    </ClCompile>
    <ClCompile Include="src\skyflower\Entity.cpp">
      <Filter>Source Files</Filter>
    </ClCompile>
    <ClCompile Include="src\skyflower\EntityManager.cpp">
      <Filter>Source Files</Filter>
    </ClCompile>
    <ClCompile Include="src\skyflower\tinyxml2.cpp">
      <Filter>Source Files</Filter>
    </ClCompile>
    <ClCompile Include="src\skyflower\Application.cpp">
      <Filter>Source Files</Filter>
    </ClCompile>
    <ClCompile Include="src\skyflower\main.cpp">
      <Filter>Source Files</Filter>
    </ClCompile>
    <ClCompile Include="src\skyflower\LineChart.cpp">
      <Filter>Source Files</Filter>
    </ClCompile>
    <ClCompile Include="src\skyflower\Window.cpp">
      <Filter>Source Files</Filter>
    </ClCompile>
    <ClCompile Include="src\skyflower\InputHandler.cpp">
      <Filter>Source Files</Filter>
    </ClCompile>
    <ClCompile Include="src\skyflower\LevelHandler.cpp">
      <Filter>Source Files</Filter>
    </ClCompile>
    <ClCompile Include="src\skyflower\Components\Event.cpp">
      <Filter>Source Files\Components</Filter>
    </ClCompile>
    <ClCompile Include="src\skyflower\Components\AI.cpp">
      <Filter>Source Files\Components</Filter>
    </ClCompile>
    <ClCompile Include="src\skyflower\Components\Button.cpp">
      <Filter>Source Files\Components</Filter>
    </ClCompile>
    <ClCompile Include="src\skyflower\Components\Checkpoint.cpp">
      <Filter>Source Files\Components</Filter>
    </ClCompile>
    <ClCompile Include="src\skyflower\Menu.cpp">
      <Filter>Source Files</Filter>
    </ClCompile>
    <ClCompile Include="src\skyflower\GUI.cpp">
      <Filter>Source Files</Filter>
    </ClCompile>
    <ClCompile Include="src\skyflower\GUIElement.cpp">
      <Filter>Source Files</Filter>
    </ClCompile>
    <ClCompile Include="src\skyflower\MenuItems.cpp">
      <Filter>Source Files</Filter>
	</ClCompile>
    <ClCompile Include="src\skyflower\Push.cpp">
      <Filter>Source Files\Components</Filter>
    </ClCompile>
    <ClCompile Include="src\skyflower\Components\Footsteps.cpp">
      <Filter>Source Files\Components</Filter>
    </ClCompile>
    <ClCompile Include="src\skyflower\Components\Input.cpp">
      <Filter>Source Files\Components</Filter>
    </ClCompile>
    <ClCompile Include="src\skyflower\Components\Listener.cpp">
      <Filter>Source Files\Components</Filter>
    </ClCompile>
    <ClCompile Include="src\skyflower\Components\Movement.cpp">
      <Filter>Source Files\Components</Filter>
	</ClCompile>
    <ClCompile Include="src\skyflower\CutScene.cpp">
      <Filter>Source Files</Filter>
    </ClCompile>
    <ClCompile Include="src\skyflower\Components\MoveTarget.cpp">
      <Filter>Source Files\Components</Filter>
    </ClCompile>
  </ItemGroup>
  <ItemGroup>
    <ClInclude Include="src\skyflower\Application.h">
      <Filter>Header Files</Filter>
    </ClInclude>
    <ClInclude Include="src\skyflower\ScriptHandler.h">
      <Filter>Header Files</Filter>
    </ClInclude>
    <ClInclude Include="src\skyflower\Field.h">
      <Filter>Header Files</Filter>
    </ClInclude>
    <ClInclude Include="src\skyflower\PotentialField.h">
      <Filter>Header Files</Filter>
    </ClInclude>
    <ClInclude Include="src\skyflower\Cistron.h">
      <Filter>Header Files</Filter>
    </ClInclude>
    <ClInclude Include="src\skyflower\Component.h">
      <Filter>Header Files</Filter>
    </ClInclude>
    <ClInclude Include="src\skyflower\EntityManager.h">
      <Filter>Header Files</Filter>
    </ClInclude>
    <ClInclude Include="src\skyflower\tinyxml2.h">
      <Filter>Header Files</Filter>
    </ClInclude>
    <ClInclude Include="src\skyflower\ComponentHeaders.h">
      <Filter>Header Files\Components</Filter>
    </ClInclude>
    <ClInclude Include="src\skyflower\Components\Messenger.h">
      <Filter>Header Files\Components</Filter>
    </ClInclude>
    <ClInclude Include="src\skyflower\Components\Movement.h">
      <Filter>Header Files\Components</Filter>
    </ClInclude>
    <ClInclude Include="src\skyflower\Components\Input.h">
      <Filter>Header Files\Components</Filter>
    </ClInclude>
    <ClInclude Include="src\skyflower\LineChart.h">
      <Filter>Header Files</Filter>
    </ClInclude>
    <ClInclude Include="src\skyflower\InputHandler.h">
      <Filter>Header Files</Filter>
    </ClInclude>
    <ClInclude Include="src\skyflower\Window.h">
      <Filter>Header Files</Filter>
    </ClInclude>
    <ClInclude Include="src\skyflower\Components\Listener.h">
      <Filter>Header Files\Components</Filter>
    </ClInclude>
    <ClInclude Include="src\skyflower\Components\Footsteps.h">
      <Filter>Header Files\Components</Filter>
    </ClInclude>
    <ClInclude Include="src\skyflower\Components\AI.h">
      <Filter>Header Files\Components</Filter>
    </ClInclude>
    <ClInclude Include="src\skyflower\Components\Gravity.h">
      <Filter>Header Files\Components</Filter>
    </ClInclude>
    <ClInclude Include="src\skyflower\Components\Rotating.h">
      <Filter>Header Files\Components</Filter>
    </ClInclude>
    <ClInclude Include="src\skyflower\LevelHandler.h">
      <Filter>Header Files</Filter>
    </ClInclude>
    <ClInclude Include="src\skyflower\Components\Health.h">
      <Filter>Header Files\Components</Filter>
    </ClInclude>
    <ClInclude Include="src\skyflower\Components\Push.h">
      <Filter>Header Files\Components</Filter>
    </ClInclude>
    <ClInclude Include="src\skyflower\Components\Pushable.h">
      <Filter>Header Files\Components</Filter>
    </ClInclude>
    <ClInclude Include="src\skyflower\Components\Event.h">
      <Filter>Header Files\Components</Filter>
    </ClInclude>
    <ClInclude Include="src\skyflower\Entity.h">
      <Filter>Header Files</Filter>
    </ClInclude>
    <ClInclude Include="src\skyflower\Components\Button.h">
      <Filter>Header Files\Components</Filter>
    </ClInclude>
    <ClInclude Include="src\skyflower\Components\Checkpoint.h">
      <Filter>Header Files\Components</Filter>
    </ClInclude>
    <ClInclude Include="src\skyflower\Menu.h">
      <Filter>Header Files</Filter>
    </ClInclude>
    <ClInclude Include="src\skyflower\GUI.h">
      <Filter>Header Files</Filter>
    </ClInclude>
    <ClInclude Include="src\skyflower\GUIElement.h">
      <Filter>Header Files</Filter>
    </ClInclude>
    <ClInclude Include="src\skyflower\Components\BoxComp.h">
      <Filter>Header Files\Components</Filter>
    </ClInclude>
    <ClInclude Include="src\skyflower\MenuItems.h">
      <Filter>Header Files</Filter>
	</ClInclude>
    <ClInclude Include="src\skyflower\Components\Goal.h">
      <Filter>Header Files\Components</Filter>
    </ClInclude>
    <ClInclude Include="src\skyflower\Components\MoveTarget.h">
      <Filter>Header Files\Components</Filter>
    </ClInclude>
    <ClInclude Include="src\skyflower\CutScene.h">
      <Filter>Header Files</Filter>
    </ClInclude>
  </ItemGroup>
</Project>